{
  "nodes": {
    "cl-nix-lite": {
      "locked": {
        "lastModified": 1709357207,
        "narHash": "sha256-YZgXj6oL2Y/zDkSkGcoacpQPRLiYM8KeEB68CUs2irc=",
        "owner": "hraban",
        "repo": "cl-nix-lite",
        "rev": "f55d263b30a601b1b4dd61b7c8787e97510f4018",
        "type": "github"
      },
      "original": {
        "owner": "hraban",
        "repo": "cl-nix-lite",
        "type": "github"
      }
    },
    "flake-compat": {
      "flake": false,
      "locked": {
        "lastModified": 1697816753,
        "narHash": "sha256-40to80AEIyKCQI0xMKCeF5ePoIKTYgjVVCZeu4CnTxM=",
        "owner": "hraban",
        "repo": "flake-compat",
        "rev": "6025bade1336a36014639bc3f67eacc853dab78f",
        "type": "github"
      },
      "original": {
        "owner": "hraban",
        "ref": "fixed-output",
        "repo": "flake-compat",
        "type": "github"
      }
    },
    "flake-parts": {
      "inputs": {
        "nixpkgs-lib": "nixpkgs-lib"
      },
      "locked": {
        "lastModified": 1717285511,
        "narHash": "sha256-iKzJcpdXih14qYVcZ9QC9XuZYnPc6T8YImb6dX166kw=",
        "owner": "hercules-ci",
        "repo": "flake-parts",
        "rev": "2a55567fcf15b1b1c7ed712a2c6fadaec7412ea8",
        "type": "github"
      },
      "original": {
        "owner": "hercules-ci",
        "repo": "flake-parts",
        "type": "github"
      }
    },
    "flake-utils": {
      "inputs": {
        "systems": "systems"
      },
      "locked": {
        "lastModified": 1709126324,
        "narHash": "sha256-q6EQdSeUZOG26WelxqkmR7kArjgWCdw5sfJVHPH/7j8=",
        "owner": "numtide",
        "repo": "flake-utils",
        "rev": "d465f4819400de7c8d874d50b982301f28a84605",
        "type": "github"
      },
      "original": {
        "id": "flake-utils",
        "type": "indirect"
      }
    },
    "home-manager": {
      "inputs": {
        "nixpkgs": [
          "nixpkgs"
        ]
      },
      "locked": {
        "lastModified": 1717931644,
        "narHash": "sha256-Sz8Wh9cAiD5FhL8UWvZxBfnvxETSCVZlqWSYWaCPyu0=",
        "owner": "nix-community",
        "repo": "home-manager",
        "rev": "3d65009effd77cb0d6e7520b68b039836a7606cf",
        "type": "github"
      },
      "original": {
        "owner": "nix-community",
        "repo": "home-manager",
        "type": "github"
      }
    },
    "mac-app-util": {
      "inputs": {
        "cl-nix-lite": "cl-nix-lite",
        "flake-compat": "flake-compat",
        "flake-utils": "flake-utils",
        "nixpkgs": "nixpkgs"
      },
      "locked": {
        "lastModified": 1710104942,
        "narHash": "sha256-YrzF8P9Hi4CHky2z3hTKdPn/Zks+n4O4RkbSg75QhVc=",
        "owner": "hraban",
        "repo": "mac-app-util",
        "rev": "b2d3667f3b8d650310e55b38d3c4a5f35949e1f6",
        "type": "github"
      },
      "original": {
        "owner": "hraban",
        "repo": "mac-app-util",
        "type": "github"
      }
    },
    "nix-darwin": {
      "inputs": {
        "nixpkgs": [
          "nixpkgs"
        ]
      },
      "locked": {
        "lastModified": 1716993688,
        "narHash": "sha256-vo5k2wQekfeoq/2aleQkBN41dQiQHNTniZeVONWiWLs=",
        "owner": "lnl7",
        "repo": "nix-darwin",
        "rev": "c0d5b8c54d6828516c97f6be9f2d00c63a363df4",
        "type": "github"
      },
      "original": {
        "owner": "lnl7",
        "ref": "master",
        "repo": "nix-darwin",
        "type": "github"
      }
    },
    "nixpkgs": {
      "locked": {
        "lastModified": 1710066242,
        "narHash": "sha256-bO7kahLdawW7rBqUTfWgf9mdPYrnOo5DGvWRJa9N8Do=",
        "owner": "NixOS",
        "repo": "nixpkgs",
        "rev": "db339f1706f555794b71aa4eb26a5a240fb6a599",
        "type": "github"
      },
      "original": {
        "id": "nixpkgs",
        "type": "indirect"
      }
    },
    "nixpkgs-firefox-darwin": {
      "inputs": {
        "nixpkgs": [
          "nixpkgs"
        ]
      },
      "locked": {
        "lastModified": 1717894299,
        "narHash": "sha256-CJzMTE5kPebbKQpA7kPToKfkdNI6Oe7oOd2uYXTF0Z4=",
        "owner": "bandithedoge",
        "repo": "nixpkgs-firefox-darwin",
        "rev": "caf60a478d117ab5fe7b4208d5636c9111d37648",
        "type": "github"
      },
      "original": {
        "owner": "bandithedoge",
        "repo": "nixpkgs-firefox-darwin",
        "type": "github"
      }
    },
    "nixpkgs-lib": {
      "locked": {
        "lastModified": 1717284937,
        "narHash": "sha256-lIbdfCsf8LMFloheeE6N31+BMIeixqyQWbSr2vk79EQ=",
        "type": "tarball",
        "url": "https://github.com/NixOS/nixpkgs/archive/eb9ceca17df2ea50a250b6b27f7bf6ab0186f198.tar.gz"
      },
      "original": {
        "type": "tarball",
        "url": "https://github.com/NixOS/nixpkgs/archive/eb9ceca17df2ea50a250b6b27f7bf6ab0186f198.tar.gz"
      }
    },
    "nixpkgs_2": {
      "locked": {
        "lastModified": 1717786204,
        "narHash": "sha256-4q0s6m0GUcN7q+Y2DqD27iLvbcd1G50T2lv08kKxkSI=",
        "owner": "nixos",
        "repo": "nixpkgs",
        "rev": "051f920625ab5aabe37c920346e3e69d7d34400e",
        "type": "github"
      },
      "original": {
        "owner": "nixos",
        "ref": "nixos-unstable",
        "repo": "nixpkgs",
        "type": "github"
      }
    },
    "nur": {
      "locked": {
        "lastModified": 1717962442,
        "narHash": "sha256-Y1nUlqqzIkTIIdTdqfCXEpsQSR/lAC5ZyHnPTsLPQ+Y=",
        "owner": "nix-community",
        "repo": "NUR",
        "rev": "632f6ed45a87b5bf982c8bb9a7e4a0d543726369",
        "type": "github"
      },
      "original": {
        "owner": "nix-community",
        "repo": "NUR",
        "type": "github"
      }
    },
    "root": {
      "inputs": {
        "flake-parts": "flake-parts",
        "home-manager": "home-manager",
        "mac-app-util": "mac-app-util",
        "nix-darwin": "nix-darwin",
        "nixpkgs": "nixpkgs_2",
        "nixpkgs-firefox-darwin": "nixpkgs-firefox-darwin",
        "nur": "nur"
      }
    },
    "systems": {
      "locked": {
        "lastModified": 1681028828,
        "narHash": "sha256-Vy1rq5AaRuLzOxct8nz4T6wlgyUR7zLU309k9mBC768=",
        "owner": "nix-systems",
        "repo": "default",
        "rev": "da67096a3b9bf56a91d16901293e51ba5b49a27e",
        "type": "github"
      },
      "original": {
        "owner": "nix-systems",
        "repo": "default",
        "type": "github"
      }
    }
  },
  "root": "root",
  "version": 7
}
